
Microsoft Visual Studio Solution File, Format Version 12.00
# Visual Studio Version 17
VisualStudioVersion = 17.13.35806.99 d17.13
MinimumVisualStudioVersion = 10.0.40219.1
Project("{FAE04EC0-301F-11D3-BF4B-00C04F79EFBC}") = "Laboratory_work_9", "Laboratory_work_9.csproj", "{5D2DBCD3-4FD8-46F8-B667-DCDF1857E460}"
EndProject
Global
	GlobalSection(SolutionConfigurationPlatforms) = preSolution
		Debug|Any CPU = Debug|Any CPU
		Release|Any CPU = Release|Any CPU
	EndGlobalSection
	GlobalSection(ProjectConfigurationPlatforms) = postSolution
		{5D2DBCD3-4FD8-46F8-B667-DCDF1857E460}.Debug|Any CPU.ActiveCfg = Debug|Any CPU
		{5D2DBCD3-4FD8-46F8-B667-DCDF1857E460}.Debug|Any CPU.Build.0 = Debug|Any CPU
		{5D2DBCD3-4FD8-46F8-B667-DCDF1857E460}.Release|Any CPU.ActiveCfg = Release|Any CPU
		{5D2DBCD3-4FD8-46F8-B667-DCDF1857E460}.Release|Any CPU.Build.0 = Release|Any CPU
	EndGlobalSection
	GlobalSection(SolutionProperties) = preSolution
		HideSolutionNode = FALSE
	EndGlobalSection
	GlobalSection(ExtensibilityGlobals) = postSolution
		SolutionGuid = {39681447-5A21-458C-AC12-B25F4D11F0DC}
	EndGlobalSection
EndGlobal
